
Microsoft Visual Studio Solution File, Format Version 12.00
# Visual Studio 14
VisualStudioVersion = 14.0.25420.1
MinimumVisualStudioVersion = 10.0.40219.1
Project("{FAE04EC0-301F-11D3-BF4B-00C04F79EFBC}") = "CustomLogic", "NoTiersMaker\CustomLogic.csproj", "{74EFC513-34BB-4EB1-A68B-AD254F2A28D4}"
EndProject
Project("{FAE04EC0-301F-11D3-BF4B-00C04F79EFBC}") = "NoTiersToolKit.MVC", "CustomLogic.MVC\NoTiersToolKit.MVC.csproj", "{0866C362-73B7-4580-8229-E80FAC2ABDA9}"
EndProject
Project("{FAE04EC0-301F-11D3-BF4B-00C04F79EFBC}") = "SpringXBuilder.MVC", "SpringXBuilder.MVC\SpringXBuilder.MVC.csproj", "{C1892E09-B01B-48E8-A20A-6BF6BACBEBCB}"
EndProject
Project("{FAE04EC0-301F-11D3-BF4B-00C04F79EFBC}") = "CustomLogic.Tests", "CustomLogic.Tests\CustomLogic.Tests.csproj", "{A5E49357-11C0-4E5D-B787-5E821A4F55C4}"
EndProject
Project("{FAE04EC0-301F-11D3-BF4B-00C04F79EFBC}") = "NoTiersCRM.Umbraco", "NoTiersCRM.Umbraco\NoTiersCRM.Umbraco.csproj", "{EA02BC13-E1E9-4498-AE50-CC9C40A0AD65}"
EndProject
Global
	GlobalSection(SolutionConfigurationPlatforms) = preSolution
		Debug|Any CPU = Debug|Any CPU
		Release|Any CPU = Release|Any CPU
	EndGlobalSection
	GlobalSection(ProjectConfigurationPlatforms) = postSolution
		{74EFC513-34BB-4EB1-A68B-AD254F2A28D4}.Debug|Any CPU.ActiveCfg = Debug|Any CPU
		{74EFC513-34BB-4EB1-A68B-AD254F2A28D4}.Debug|Any CPU.Build.0 = Debug|Any CPU
		{74EFC513-34BB-4EB1-A68B-AD254F2A28D4}.Release|Any CPU.ActiveCfg = Release|Any CPU
		{74EFC513-34BB-4EB1-A68B-AD254F2A28D4}.Release|Any CPU.Build.0 = Release|Any CPU
		{0866C362-73B7-4580-8229-E80FAC2ABDA9}.Debug|Any CPU.ActiveCfg = Debug|Any CPU
		{0866C362-73B7-4580-8229-E80FAC2ABDA9}.Debug|Any CPU.Build.0 = Debug|Any CPU
		{0866C362-73B7-4580-8229-E80FAC2ABDA9}.Release|Any CPU.ActiveCfg = Release|Any CPU
		{0866C362-73B7-4580-8229-E80FAC2ABDA9}.Release|Any CPU.Build.0 = Release|Any CPU
		{C1892E09-B01B-48E8-A20A-6BF6BACBEBCB}.Debug|Any CPU.ActiveCfg = Debug|Any CPU
		{C1892E09-B01B-48E8-A20A-6BF6BACBEBCB}.Debug|Any CPU.Build.0 = Debug|Any CPU
		{C1892E09-B01B-48E8-A20A-6BF6BACBEBCB}.Release|Any CPU.ActiveCfg = Release|Any CPU
		{C1892E09-B01B-48E8-A20A-6BF6BACBEBCB}.Release|Any CPU.Build.0 = Release|Any CPU
		{A5E49357-11C0-4E5D-B787-5E821A4F55C4}.Debug|Any CPU.ActiveCfg = Debug|Any CPU
		{A5E49357-11C0-4E5D-B787-5E821A4F55C4}.Debug|Any CPU.Build.0 = Debug|Any CPU
		{A5E49357-11C0-4E5D-B787-5E821A4F55C4}.Release|Any CPU.ActiveCfg = Release|Any CPU
		{A5E49357-11C0-4E5D-B787-5E821A4F55C4}.Release|Any CPU.Build.0 = Release|Any CPU
		{EA02BC13-E1E9-4498-AE50-CC9C40A0AD65}.Debug|Any CPU.ActiveCfg = Debug|Any CPU
		{EA02BC13-E1E9-4498-AE50-CC9C40A0AD65}.Debug|Any CPU.Build.0 = Debug|Any CPU
		{EA02BC13-E1E9-4498-AE50-CC9C40A0AD65}.Release|Any CPU.ActiveCfg = Release|Any CPU
		{EA02BC13-E1E9-4498-AE50-CC9C40A0AD65}.Release|Any CPU.Build.0 = Release|Any CPU
	EndGlobalSection
	GlobalSection(SolutionProperties) = preSolution
		HideSolutionNode = FALSE
	EndGlobalSection
EndGlobal
